
Microsoft Visual Studio Solution File, Format Version 12.00
# Visual Studio Version 17
VisualStudioVersion = 17.6.33723.286
MinimumVisualStudioVersion = 10.0.40219.1
Project("{9A19103F-16F7-4668-BE54-9A1E7A4F7556}") = "Snake_Game", "Test\Snake_Game.csproj", "{8085E6DA-0F85-448B-92BD-C716BC21C29C}"
EndProject
Global
	GlobalSection(SolutionConfigurationPlatforms) = preSolution
		Debug|Any CPU = Debug|Any CPU
		Release|Any CPU = Release|Any CPU
	EndGlobalSection
	GlobalSection(ProjectConfigurationPlatforms) = postSolution
		{8085E6DA-0F85-448B-92BD-C716BC21C29C}.Debug|Any CPU.ActiveCfg = Debug|Any CPU
		{8085E6DA-0F85-448B-92BD-C716BC21C29C}.Debug|Any CPU.Build.0 = Debug|Any CPU
		{8085E6DA-0F85-448B-92BD-C716BC21C29C}.Release|Any CPU.ActiveCfg = Release|Any CPU
		{8085E6DA-0F85-448B-92BD-C716BC21C29C}.Release|Any CPU.Build.0 = Release|Any CPU
	EndGlobalSection
	GlobalSection(SolutionProperties) = preSolution
		HideSolutionNode = FALSE
	EndGlobalSection
	GlobalSection(ExtensibilityGlobals) = postSolution
		SolutionGuid = {72A1E930-B574-4A06-A10E-B38A6430CF1F}
	EndGlobalSection
EndGlobal
